{
  "name": "prometheus-scaffold",
  "version": "0.0.1",
  "lockfileVersion": 1,
  "requires": true,
  "dependencies": {
    "@epsidev/prometheus": {
      "version": "0.0.1",
      "resolved": "https://registry.npmjs.org/@epsidev/prometheus/-/prometheus-0.0.1.tgz",
      "integrity": "sha512-9cjosTlycBJDeFGq9IMcA5hfPAhM1TY48uCcgHBAqoHm0acgGVQJh9TA1ZbQ13IwxFHhhJu3QNmTaJFo7YC7MQ=="
    }
  }
}
